{
  "version": 4,
  "terraform_version": "1.13.4",
  "serial": 16,
  "lineage": "81bdaeac-f760-a46d-870b-83b1e80a8b64",
  "outputs": {
    "artifact_repo_name": {
      "value": "todo-repo",
      "type": "string"
    },
    "backend_ip": {
      "value": "34.93.17.145",
      "type": "string"
    },
    "cluster_name": {
      "value": "todo-cluster",
      "type": "string"
    },
    "frontend_ip": {
      "value": "34.100.183.217",
      "type": "string"
    }
  },
  "resources": [
    {
      "mode": "managed",
      "type": "google_artifact_registry_repository",
      "name": "todo_repo",
      "provider": "provider[\"registry.terraform.io/hashicorp/google\"]",
      "instances": [
        {
          "schema_version": 0,
          "attributes": {
            "cleanup_policies": [],
            "cleanup_policy_dry_run": false,
            "create_time": "2025-11-17T06:03:24.910731Z",
            "description": "Repository for ToDo App images",
            "docker_config": [],
            "effective_labels": {},
            "format": "DOCKER",
            "id": "projects/fluted-factor-438905-d2/locations/asia-south1/repositories/todo-repo",
            "kms_key_name": "",
            "labels": null,
            "location": "asia-south1",
            "maven_config": [],
            "mode": "STANDARD_REPOSITORY",
            "name": "todo-repo",
            "project": "fluted-factor-438905-d2",
            "remote_repository_config": [],
            "repository_id": "todo-repo",
            "terraform_labels": {},
            "timeouts": null,
            "update_time": "2025-11-17T06:03:24.910731Z",
            "virtual_repository_config": []
          },
          "sensitive_attributes": [],
          "identity_schema_version": 0,
          "private": "eyJlMmJmYjczMC1lY2FhLTExZTYtOGY4OC0zNDM2M2JjN2M0YzAiOnsiY3JlYXRlIjoxMjAwMDAwMDAwMDAwLCJkZWxldGUiOjEyMDAwMDAwMDAwMDAsInVwZGF0ZSI6MTIwMDAwMDAwMDAwMH19"
        }
      ]
    },
    {
      "mode": "managed",
      "type": "google_compute_address",
      "name": "backend_static_ip",
      "provider": "provider[\"registry.terraform.io/hashicorp/google\"]",
      "instances": [
        {
          "schema_version": 0,
          "attributes": {
            "address": "34.93.17.145",
            "address_type": "EXTERNAL",
            "creation_timestamp": "2025-11-16T22:03:23.596-08:00",
            "description": "",
            "effective_labels": {},
            "id": "projects/fluted-factor-438905-d2/regions/asia-south1/addresses/backend-static-ip",
            "ip_version": "",
            "ipv6_endpoint_type": "",
            "label_fingerprint": "42WmSpB8rSM=",
            "labels": null,
            "name": "backend-static-ip",
            "network": "",
            "network_tier": "PREMIUM",
            "prefix_length": 0,
            "project": "fluted-factor-438905-d2",
            "purpose": "",
            "region": "asia-south1",
            "self_link": "https://www.googleapis.com/compute/v1/projects/fluted-factor-438905-d2/regions/asia-south1/addresses/backend-static-ip",
            "subnetwork": "",
            "terraform_labels": {},
            "timeouts": null,
            "users": []
          },
          "sensitive_attributes": [],
          "identity_schema_version": 0,
          "private": "eyJlMmJmYjczMC1lY2FhLTExZTYtOGY4OC0zNDM2M2JjN2M0YzAiOnsiY3JlYXRlIjoxMjAwMDAwMDAwMDAwLCJkZWxldGUiOjEyMDAwMDAwMDAwMDAsInVwZGF0ZSI6MTIwMDAwMDAwMDAwMH19"
        }
      ]
    },
    {
      "mode": "managed",
      "type": "google_compute_address",
      "name": "frontend_static_ip",
      "provider": "provider[\"registry.terraform.io/hashicorp/google\"]",
      "instances": [
        {
          "schema_version": 0,
          "attributes": {
            "address": "34.100.183.217",
            "address_type": "EXTERNAL",
            "creation_timestamp": "2025-11-16T22:03:23.516-08:00",
            "description": "",
            "effective_labels": {},
            "id": "projects/fluted-factor-438905-d2/regions/asia-south1/addresses/frontend-static-ip",
            "ip_version": "",
            "ipv6_endpoint_type": "",
            "label_fingerprint": "42WmSpB8rSM=",
            "labels": null,
            "name": "frontend-static-ip",
            "network": "",
            "network_tier": "PREMIUM",
            "prefix_length": 0,
            "project": "fluted-factor-438905-d2",
            "purpose": "",
            "region": "asia-south1",
            "self_link": "https://www.googleapis.com/compute/v1/projects/fluted-factor-438905-d2/regions/asia-south1/addresses/frontend-static-ip",
            "subnetwork": "",
            "terraform_labels": {},
            "timeouts": null,
            "users": []
          },
          "sensitive_attributes": [],
          "identity_schema_version": 0,
          "private": "eyJlMmJmYjczMC1lY2FhLTExZTYtOGY4OC0zNDM2M2JjN2M0YzAiOnsiY3JlYXRlIjoxMjAwMDAwMDAwMDAwLCJkZWxldGUiOjEyMDAwMDAwMDAwMDAsInVwZGF0ZSI6MTIwMDAwMDAwMDAwMH19"
        }
      ]
    },
    {
      "mode": "managed",
      "type": "google_container_cluster",
      "name": "todo_cluster",
      "provider": "provider[\"registry.terraform.io/hashicorp/google\"]",
      "instances": [
        {
          "schema_version": 2,
          "attributes": {
            "addons_config": [
              {
                "cloudrun_config": [],
                "config_connector_config": [],
                "dns_cache_config": [],
                "gce_persistent_disk_csi_driver_config": [
                  {
                    "enabled": true
                  }
                ],
                "gcp_filestore_csi_driver_config": [],
                "gcs_fuse_csi_driver_config": [],
                "gke_backup_agent_config": [],
                "horizontal_pod_autoscaling": [],
                "http_load_balancing": [],
                "network_policy_config": [
                  {
                    "disabled": true
                  }
                ],
                "ray_operator_config": [],
                "stateful_ha_config": []
              }
            ],
            "allow_net_admin": null,
            "authenticator_groups_config": [],
            "binary_authorization": [
              {
                "enabled": false,
                "evaluation_mode": ""
              }
            ],
            "cluster_autoscaling": [
              {
                "auto_provisioning_defaults": [],
                "auto_provisioning_locations": [],
                "autoscaling_profile": "BALANCED",
                "enabled": false,
                "resource_limits": []
              }
            ],
            "cluster_ipv4_cidr": "10.20.0.0/14",
            "confidential_nodes": [],
            "cost_management_config": [],
            "database_encryption": [
              {
                "key_name": "",
                "state": "DECRYPTED"
              }
            ],
            "datapath_provider": "",
            "default_max_pods_per_node": 110,
            "default_snat_status": [
              {
                "disabled": false
              }
            ],
            "deletion_protection": true,
            "description": "",
            "dns_config": [],
            "enable_autopilot": false,
            "enable_cilium_clusterwide_network_policy": false,
            "enable_intranode_visibility": false,
            "enable_k8s_beta_apis": [],
            "enable_kubernetes_alpha": false,
            "enable_l4_ilb_subsetting": false,
            "enable_legacy_abac": false,
            "enable_multi_networking": false,
            "enable_shielded_nodes": true,
            "enable_tpu": false,
            "endpoint": "34.14.140.121",
            "fleet": [],
            "gateway_api_config": [],
            "id": "projects/fluted-factor-438905-d2/locations/asia-south1-a/clusters/todo-cluster",
            "identity_service_config": [],
            "initial_node_count": 1,
            "ip_allocation_policy": [
              {
                "additional_pod_ranges_config": [],
                "cluster_ipv4_cidr_block": "10.20.0.0/14",
                "cluster_secondary_range_name": "gke-todo-cluster-pods-6f546536",
                "pod_cidr_overprovision_config": [
                  {
                    "disabled": false
                  }
                ],
                "services_ipv4_cidr_block": "34.118.224.0/20",
                "services_secondary_range_name": "",
                "stack_type": "IPV4"
              }
            ],
            "label_fingerprint": "a9dc16a7",
            "location": "asia-south1-a",
            "logging_config": [
              {
                "enable_components": [
                  "SYSTEM_COMPONENTS",
                  "WORKLOADS"
                ]
              }
            ],
            "logging_service": "logging.googleapis.com/kubernetes",
            "maintenance_policy": [],
            "master_auth": [
              {
                "client_certificate": "",
                "client_certificate_config": [
                  {
                    "issue_client_certificate": false
                  }
                ],
                "client_key": "",
                "cluster_ca_certificate": "LS0tLS1CRUdJTiBDRVJUSUZJQ0FURS0tLS0tCk1JSUVMRENDQXBTZ0F3SUJBZ0lRZitxU0wvYkxwUGo1a1h3ZHIzNXVkVEFOQmdrcWhraUc5dzBCQVFzRkFEQXYKTVMwd0t3WURWUVFERXlRNU5EYzVObU13TXkxaE1ETmhMVFJrTURJdE9ETmpNQzB3TXpWbE9HVTNaRFJsT1RNdwpJQmNOTWpVeE1URTNNRFV3TXpJMVdoZ1BNakExTlRFeE1UQXdOakF6TWpWYU1DOHhMVEFyQmdOVkJBTVRKRGswCk56azJZekF6TFdFd00yRXROR1F3TWkwNE0yTXdMVEF6TldVNFpUZGtOR1U1TXpDQ0FhSXdEUVlKS29aSWh2Y04KQVFFQkJRQURnZ0dQQURDQ0FZb0NnZ0dCQUxUMGg1K3Z0KzY2STRma2RLa09XcFRyajNwWDNIRUFPY0RmVXdYVgpNVkZ4cjd6UzNzczBtU1NpWm9BVjFlWC9xN2k2VnQ1aUtWT1NMV1ZzNHR6eFJUUmNGRnljeVJQUXk0dGhraEZmCmdEMDVQSkRBOVFsUnhVdlJaUjFFanRXRzNsYkpPZTNDUWl6bGk0Z0xhaG0yejMzc0NJQzlQbkQ0Wm5EOHovcm4KbGdIcDV0K3YxcEZCM2k4RlhsWXpqSnhMckhVOTNQWi9NczExUGhNcVJ1WEJsa2YwcVl3bVF0b2NWTERTTkp0WQorMVJDOThSWXVRNjJIc044RTg4N05IMW5tcDBpejBJMm5zMkNtTXhkRnlXbW5kUUkvcmpWM3pYUklraE1TQ1JGCmc3RFpUNlhWOVVJKytQN3crMGNhREszUmJ1Q0VJNE0zdTJKd2NFa2ZjYjZ3OCs0bGNsWnlodHpmVFEya1JtNisKWmQydE1WZ003SkRnNElrK3E4SXAyd3FieStMbTZ4cE1EMjk4OGppcnhqTHdIWFEyUVMxNmhUaDZ3blViZ0k0UgorQ1hjUjNvU3VZdnhKNUY0RXZMT3dyT1h1b3Erck5Bdm1QZmdia1M4amgrR2t0TW1LQlVxWURlWm9rUlBvQy9kCklBM050VHdveEpXQUVHZUlzMWQ1K3IwZXRRSURBUUFCbzBJd1FEQU9CZ05WSFE4QkFmOEVCQU1DQWdRd0R3WUQKVlIwVEFRSC9CQVV3QXdFQi96QWRCZ05WSFE0RUZnUVVEcWl4eSs4NXBWQ2ptbXRDREMyMWVITmlhM1V3RFFZSgpLb1pJaHZjTkFRRUxCUUFEZ2dHQkFGb3BZbmJrMkpBMnYyTnlpQ01oaDU0Sllzc1dINmh0bTNwcFBOem01NVlhCjNCSTcycEQ5NW1icEtUZFFSbkk1WFZRaXFvN085Y2J3V08zV2NSSFpzTEdhdzJQWDJENWRBcTBZMzh2SUM1QVYKamowaGZVL2xLdzJsT29SczEyOGkrTDhVRHNaZlRNSEtnYUoyaU10UzgveDNCQ2hhR29JNXBFKzZ1anZoL3hEQQpRcm5MU2xxSC84SnZSTUNkL091SEJ6YmlsZzZHNTUxQnhhZUNSTUNrOFlYb0QxRHNaTCs0MURvUVR3KzRYWm51CndieGp6RFJjd1p0Yi9jWEE1NUtmQmNTVlc1OUtDb1pMYU9ISTB3bXpmemp0MC9BRzBOQVcvMG8zdU0rVXFvQUkKZEdmZHVoSWZhQ21ad3lpbUtybTdLMWZiY21uL1VoZ3crbktVSmNzcHd6N1hHR0xlS2tIek1od2NxenZrWXprbQp4bXFKTXVwaExJRllFWUlRcHphbWpOSmxmaURVZnR3ZlVpWVM4K1BIeTVrbHpLV1AzRGZncDdHVk4wWXNvNzg5CjgxNncwdE81L3JwaVR4WjlVUjRWb1diV0xvSGR2QWRmeHVXNVdjOUNIODJoSS9PQ1hiU0lROXZlTDFzTXJ2K0sKS2VTSHNTd3EvSndHeHFueXF3cTQ2Zz09Ci0tLS0tRU5EIENFUlRJRklDQVRFLS0tLS0K"
              }
            ],
            "master_authorized_networks_config": [],
            "master_version": "1.33.5-gke.1201000",
            "mesh_certificates": [],
            "min_master_version": null,
            "monitoring_config": [
              {
                "advanced_datapath_observability_config": [
                  {
                    "enable_metrics": false,
                    "enable_relay": false,
                    "relay_mode": "DISABLED"
                  }
                ],
                "enable_components": [
                  "SYSTEM_COMPONENTS",
                  "STORAGE",
                  "HPA",
                  "POD",
                  "DAEMONSET",
                  "DEPLOYMENT",
                  "STATEFULSET",
                  "JOBSET",
                  "CADVISOR",
                  "KUBELET",
                  "DCGM"
                ],
                "managed_prometheus": [
                  {
                    "enabled": true
                  }
                ]
              }
            ],
            "monitoring_service": "monitoring.googleapis.com/kubernetes",
            "name": "todo-cluster",
            "network": "projects/fluted-factor-438905-d2/global/networks/default",
            "network_policy": [
              {
                "enabled": false,
                "provider": "PROVIDER_UNSPECIFIED"
              }
            ],
            "networking_mode": "VPC_NATIVE",
            "node_config": [],
            "node_locations": [],
            "node_pool": [],
            "node_pool_auto_config": [
              {
                "network_tags": [],
                "node_kubelet_config": [
                  {
                    "insecure_kubelet_readonly_port_enabled": "FALSE"
                  }
                ],
                "resource_manager_tags": {}
              }
            ],
            "node_pool_defaults": [
              {
                "node_config_defaults": [
                  {
                    "containerd_config": [],
                    "insecure_kubelet_readonly_port_enabled": "FALSE",
                    "logging_variant": "DEFAULT"
                  }
                ]
              }
            ],
            "node_version": "1.33.5-gke.1201000",
            "notification_config": [
              {
                "pubsub": [
                  {
                    "enabled": false,
                    "filter": [],
                    "topic": ""
                  }
                ]
              }
            ],
            "operation": null,
            "private_cluster_config": [
              {
                "enable_private_endpoint": false,
                "enable_private_nodes": false,
                "master_global_access_config": [
                  {
                    "enabled": false
                  }
                ],
                "master_ipv4_cidr_block": "",
                "peering_name": "",
                "private_endpoint": "10.160.0.49",
                "private_endpoint_subnetwork": "",
                "public_endpoint": "34.14.140.121"
              }
            ],
            "private_ipv6_google_access": "",
            "project": "fluted-factor-438905-d2",
            "release_channel": [
              {
                "channel": "REGULAR"
              }
            ],
            "remove_default_node_pool": true,
            "resource_labels": null,
            "resource_usage_export_config": [],
            "security_posture_config": [
              {
                "mode": "BASIC",
                "vulnerability_mode": "VULNERABILITY_MODE_UNSPECIFIED"
              }
            ],
            "self_link": "https://container.googleapis.com/v1/projects/fluted-factor-438905-d2/zones/asia-south1-a/clusters/todo-cluster",
            "service_external_ips_config": [
              {
                "enabled": false
              }
            ],
            "services_ipv4_cidr": "34.118.224.0/20",
            "subnetwork": "projects/fluted-factor-438905-d2/regions/asia-south1/subnetworks/default",
            "timeouts": null,
            "tpu_ipv4_cidr_block": "",
            "vertical_pod_autoscaling": [],
            "workload_identity_config": []
          },
          "sensitive_attributes": [
            [
              {
                "type": "get_attr",
                "value": "master_auth"
              },
              {
                "type": "index",
                "value": {
                  "value": 0,
                  "type": "number"
                }
              },
              {
                "type": "get_attr",
                "value": "client_key"
              }
            ]
          ],
          "identity_schema_version": 0,
          "private": "eyJlMmJmYjczMC1lY2FhLTExZTYtOGY4OC0zNDM2M2JjN2M0YzAiOnsiY3JlYXRlIjoyNDAwMDAwMDAwMDAwLCJkZWxldGUiOjI0MDAwMDAwMDAwMDAsInJlYWQiOjI0MDAwMDAwMDAwMDAsInVwZGF0ZSI6MzYwMDAwMDAwMDAwMH0sInNjaGVtYV92ZXJzaW9uIjoiMiJ9"
        }
      ]
    },
    {
      "mode": "managed",
      "type": "google_container_node_pool",
      "name": "todo_nodes",
      "provider": "provider[\"registry.terraform.io/hashicorp/google\"]",
      "instances": [
        {
          "schema_version": 1,
          "attributes": {
            "autoscaling": [],
            "cluster": "todo-cluster",
            "id": "projects/fluted-factor-438905-d2/locations/asia-south1-a/clusters/todo-cluster/nodePools/todo-nodes",
            "initial_node_count": 2,
            "instance_group_urls": [
              "https://www.googleapis.com/compute/v1/projects/fluted-factor-438905-d2/zones/asia-south1-a/instanceGroupManagers/gke-todo-cluster-todo-nodes-2d7e23fa-grp"
            ],
            "location": "asia-south1-a",
            "managed_instance_group_urls": [
              "https://www.googleapis.com/compute/v1/projects/fluted-factor-438905-d2/zones/asia-south1-a/instanceGroups/gke-todo-cluster-todo-nodes-2d7e23fa-grp"
            ],
            "management": [
              {
                "auto_repair": true,
                "auto_upgrade": true
              }
            ],
            "max_pods_per_node": 110,
            "name": "todo-nodes",
            "name_prefix": "",
            "network_config": [
              {
                "additional_node_network_configs": [],
                "additional_pod_network_configs": [],
                "create_pod_range": false,
                "enable_private_nodes": false,
                "network_performance_config": [],
                "pod_cidr_overprovision_config": [],
                "pod_ipv4_cidr_block": "10.20.0.0/14",
                "pod_range": "gke-todo-cluster-pods-6f546536"
              }
            ],
            "node_config": [
              {
                "advanced_machine_features": [],
                "boot_disk_kms_key": "",
                "confidential_nodes": [],
                "containerd_config": [],
                "disk_size_gb": 100,
                "disk_type": "pd-balanced",
                "effective_taints": [],
                "enable_confidential_storage": false,
                "ephemeral_storage_local_ssd_config": [],
                "fast_socket": [],
                "gcfs_config": [],
                "guest_accelerator": [],
                "gvnic": [],
                "host_maintenance_policy": [],
                "image_type": "COS_CONTAINERD",
                "kubelet_config": [
                  {
                    "cpu_cfs_quota": false,
                    "cpu_cfs_quota_period": "",
                    "cpu_manager_policy": "",
                    "insecure_kubelet_readonly_port_enabled": "FALSE",
                    "pod_pids_limit": 0
                  }
                ],
                "labels": {},
                "linux_node_config": [],
                "local_nvme_ssd_block_config": [],
                "local_ssd_count": 0,
                "logging_variant": "DEFAULT",
                "machine_type": "e2-medium",
                "metadata": {
                  "disable-legacy-endpoints": "true"
                },
                "min_cpu_platform": "",
                "node_group": "",
                "oauth_scopes": [
                  "https://www.googleapis.com/auth/cloud-platform"
                ],
                "preemptible": false,
                "reservation_affinity": [],
                "resource_labels": {
                  "goog-gke-node-pool-provisioning-model": "on-demand"
                },
                "resource_manager_tags": null,
                "secondary_boot_disks": [],
                "service_account": "default",
                "shielded_instance_config": [
                  {
                    "enable_integrity_monitoring": true,
                    "enable_secure_boot": false
                  }
                ],
                "sole_tenant_config": [],
                "spot": false,
                "tags": null,
                "taint": [],
                "workload_metadata_config": []
              }
            ],
            "node_count": 2,
            "node_locations": [
              "asia-south1-a"
            ],
            "operation": null,
            "placement_policy": [],
            "project": "fluted-factor-438905-d2",
            "queued_provisioning": [],
            "timeouts": null,
            "upgrade_settings": [
              {
                "blue_green_settings": [],
                "max_surge": 1,
                "max_unavailable": 0,
                "strategy": "SURGE"
              }
            ],
            "version": "1.33.5-gke.1201000"
          },
          "sensitive_attributes": [],
          "identity_schema_version": 0,
          "private": "eyJlMmJmYjczMC1lY2FhLTExZTYtOGY4OC0zNDM2M2JjN2M0YzAiOnsiY3JlYXRlIjoxODAwMDAwMDAwMDAwLCJkZWxldGUiOjE4MDAwMDAwMDAwMDAsInVwZGF0ZSI6MTgwMDAwMDAwMDAwMH0sInNjaGVtYV92ZXJzaW9uIjoiMSJ9",
          "dependencies": [
            "google_container_cluster.todo_cluster"
          ]
        }
      ]
    }
  ],
  "check_results": null
}
